<?xml version="1.0" encoding="utf-8"?>
<Project ToolsVersion="4.0" xmlns="http://schemas.microsoft.com/developer/msbuild/2003">
  <ItemGroup>
    <Filter Include="Исходные файлы">
      <UniqueIdentifier>{4FC737F1-C7A5-4376-A066-2A32D752A2FF}</UniqueIdentifier>
      <Extensions>cpp;c;cc;cxx;c++;cppm;ixx;def;odl;idl;hpj;bat;asm;asmx</Extensions>
    </Filter>
    <Filter Include="Файлы заголовков">
      <UniqueIdentifier>{93995380-89BD-4b04-88EB-625FBE52EBFB}</UniqueIdentifier>
      <Extensions>h;hh;hpp;hxx;h++;hm;inl;inc;ipp;xsd</Extensions>
    </Filter>
    <Filter Include="Файлы заголовков\Array">
      <UniqueIdentifier>{cf74620c-1fcf-4c06-90e2-9665d4d80f84}</UniqueIdentifier>
    </Filter>
    <Filter Include="Файлы заголовков\Tree">
      <UniqueIdentifier>{292853b0-03a6-4559-ba8e-dd1d6637d134}</UniqueIdentifier>
    </Filter>
  </ItemGroup>
  <ItemGroup>
    <ClCompile Include="main.cpp">
      <Filter>Исходные файлы</Filter>
    </ClCompile>
  </ItemGroup>
  <ItemGroup>
    <ClInclude Include="removeDuplicates.hpp">
      <Filter>Файлы заголовков\Array</Filter>
    </ClInclude>
    <ClInclude Include="bestTimeToBuyAndSellStockII.hpp">
      <Filter>Файлы заголовков\Array</Filter>
    </ClInclude>
    <ClInclude Include="rotateArray.hpp">
      <Filter>Файлы заголовков\Array</Filter>
    </ClInclude>
    <ClInclude Include="containsDuplicate.hpp">
      <Filter>Файлы заголовков\Array</Filter>
    </ClInclude>
    <ClInclude Include="isSymmetricTree.hpp">
      <Filter>Файлы заголовков\Tree</Filter>
    </ClInclude>
    <ClInclude Include="Tree.hpp">
      <Filter>Файлы заголовков\Tree</Filter>
    </ClInclude>
  </ItemGroup>
</Project>